
Microsoft Visual Studio Solution File, Format Version 12.00
# Visual Studio Version 17
VisualStudioVersion = 17.8.34511.84
MinimumVisualStudioVersion = 10.0.40219.1
Project("{FAE04EC0-301F-11D3-BF4B-00C04F79EFBC}") = "appMatematicas", "appMatematicas\appMatematicas.csproj", "{7C38E9FB-E96C-45F0-98FF-A90A879C5CC4}"
EndProject
Global
	GlobalSection(SolutionConfigurationPlatforms) = preSolution
		Debug|Any CPU = Debug|Any CPU
		Release|Any CPU = Release|Any CPU
	EndGlobalSection
	GlobalSection(ProjectConfigurationPlatforms) = postSolution
		{7C38E9FB-E96C-45F0-98FF-A90A879C5CC4}.Debug|Any CPU.ActiveCfg = Debug|Any CPU
		{7C38E9FB-E96C-45F0-98FF-A90A879C5CC4}.Debug|Any CPU.Build.0 = Debug|Any CPU
		{7C38E9FB-E96C-45F0-98FF-A90A879C5CC4}.Debug|Any CPU.Deploy.0 = Debug|Any CPU
		{7C38E9FB-E96C-45F0-98FF-A90A879C5CC4}.Release|Any CPU.ActiveCfg = Release|Any CPU
		{7C38E9FB-E96C-45F0-98FF-A90A879C5CC4}.Release|Any CPU.Build.0 = Release|Any CPU
		{7C38E9FB-E96C-45F0-98FF-A90A879C5CC4}.Release|Any CPU.Deploy.0 = Release|Any CPU
	EndGlobalSection
	GlobalSection(SolutionProperties) = preSolution
		HideSolutionNode = FALSE
	EndGlobalSection
	GlobalSection(ExtensibilityGlobals) = postSolution
		SolutionGuid = {9EBB5359-3858-476F-9BA9-FDB6C4A68631}
	EndGlobalSection
EndGlobal
